
Microsoft Visual Studio Solution File, Format Version 12.00
# Visual Studio Version 16
VisualStudioVersion = 16.0.31205.134
MinimumVisualStudioVersion = 10.0.40219.1
Project("{9A19103F-16F7-4668-BE54-9A1E7A4F7556}") = "CashRegister.WebApi", "CashRegister.WebApi\CashRegister.WebApi.csproj", "{3836C588-09B4-4CA4-8066-383B12E247D1}"
EndProject
Project("{9A19103F-16F7-4668-BE54-9A1E7A4F7556}") = "CashRegister.Shared", "CashRegister.Shared\CashRegister.Shared.csproj", "{123BDC84-ED34-42B8-98FB-5CF34CAB4666}"
EndProject
Project("{FAE04EC0-301F-11D3-BF4B-00C04F79EFBC}") = "CashRegister.UICore", "CashRegister.UICore\CashRegister.UICore.csproj", "{9D5B362F-BDF7-409F-BAFF-BEDDA79F6B4A}"
EndProject
Global
	GlobalSection(SolutionConfigurationPlatforms) = preSolution
		Debug|Any CPU = Debug|Any CPU
		Release|Any CPU = Release|Any CPU
	EndGlobalSection
	GlobalSection(ProjectConfigurationPlatforms) = postSolution
		{3836C588-09B4-4CA4-8066-383B12E247D1}.Debug|Any CPU.ActiveCfg = Debug|Any CPU
		{3836C588-09B4-4CA4-8066-383B12E247D1}.Debug|Any CPU.Build.0 = Debug|Any CPU
		{3836C588-09B4-4CA4-8066-383B12E247D1}.Release|Any CPU.ActiveCfg = Release|Any CPU
		{3836C588-09B4-4CA4-8066-383B12E247D1}.Release|Any CPU.Build.0 = Release|Any CPU
		{123BDC84-ED34-42B8-98FB-5CF34CAB4666}.Debug|Any CPU.ActiveCfg = Debug|Any CPU
		{123BDC84-ED34-42B8-98FB-5CF34CAB4666}.Debug|Any CPU.Build.0 = Debug|Any CPU
		{123BDC84-ED34-42B8-98FB-5CF34CAB4666}.Release|Any CPU.ActiveCfg = Release|Any CPU
		{123BDC84-ED34-42B8-98FB-5CF34CAB4666}.Release|Any CPU.Build.0 = Release|Any CPU
		{9D5B362F-BDF7-409F-BAFF-BEDDA79F6B4A}.Debug|Any CPU.ActiveCfg = Debug|Any CPU
		{9D5B362F-BDF7-409F-BAFF-BEDDA79F6B4A}.Debug|Any CPU.Build.0 = Debug|Any CPU
		{9D5B362F-BDF7-409F-BAFF-BEDDA79F6B4A}.Release|Any CPU.ActiveCfg = Release|Any CPU
		{9D5B362F-BDF7-409F-BAFF-BEDDA79F6B4A}.Release|Any CPU.Build.0 = Release|Any CPU
	EndGlobalSection
	GlobalSection(SolutionProperties) = preSolution
		HideSolutionNode = FALSE
	EndGlobalSection
	GlobalSection(ExtensibilityGlobals) = postSolution
		SolutionGuid = {90AEBCA0-256D-42B2-BE49-19D74E368BED}
	EndGlobalSection
EndGlobal
